PODS:
  - FlutterMacOS (1.0.0)
  - mediapipe_face_mesh (3.1.0):
    - FlutterMacOS

DEPENDENCIES:
  - FlutterMacOS (from `Flutter/ephemeral`)
  - mediapipe_face_mesh (from `Flutter/ephemeral/.symlinks/plugins/mediapipe_face_mesh/macos`)

EXTERNAL SOURCES:
  FlutterMacOS:
    :path: Flutter/ephemeral
  mediapipe_face_mesh:
    :path: Flutter/ephemeral/.symlinks/plugins/mediapipe_face_mesh/macos

SPEC CHECKSUMS:
  FlutterMacOS: c232990155153907050900a2e175c7773903ba4e
  mediapipe_face_mesh: 7e25900a25e44496ee1f13044262b503c77cca6d

PODFILE CHECKSUM: 1e95c36afbfd1cb6423ceca4de7a8e1b256fb6ac

COCOAPODS: 1.17.0
